// !$*UTF8*$!
{
	archiveVersion = 1;
	classes = {
	};
	objectVersion = 46;
	objects = {

/* Begin PBXBuildFile section */
		A90E53341D94ED7B00DA3EFC /* float4x4.swift in Sources */ = {isa = PBXBuildFile; fileRef = A90E53331D94ED7B00DA3EFC /* float4x4.swift */; };
		A90E53361D94FC5400DA3EFC /* Math.swift in Sources */ = {isa = PBXBuildFile; fileRef = A9402C961D94CDB000240FEA /* Math.swift */; };
		A90E53371D94FC5400DA3EFC /* Vertex.swift in Sources */ = {isa = PBXBuildFile; fileRef = D82F374D1D8978770008FF42 /* Vertex.swift */; };
		A90E53381D94FC5400DA3EFC /* Node.swift in Sources */ = {isa = PBXBuildFile; fileRef = D82F374F1D8978B80008FF42 /* Node.swift */; };
		A90E53391D94FC5400DA3EFC /* Cube.swift in Sources */ = {isa = PBXBuildFile; fileRef = D82F37531D897F320008FF42 /* Cube.swift */; };
		A90E533A1D94FC5400DA3EFC /* Light.swift in Sources */ = {isa = PBXBuildFile; fileRef = D8C5B09F1D940ED2009E541B /* Light.swift */; };
		A90E533B1D94FC5400DA3EFC /* float4x4.swift in Sources */ = {isa = PBXBuildFile; fileRef = A90E53331D94ED7B00DA3EFC /* float4x4.swift */; };
		A90E533D1D94FC5400DA3EFC /* BufferProvider.swift in Sources */ = {isa = PBXBuildFile; fileRef = D83DA5FF1D92B54F0079D86C /* BufferProvider.swift */; };
		A90E53401D9507E700DA3EFC /* Movie.metal in Sources */ = {isa = PBXBuildFile; fileRef = A90E533F1D9507E700DA3EFC /* Movie.metal */; };
		A9314A731D75121300EC253A /* AVFoundation.framework in Frameworks */ = {isa = PBXBuildFile; fileRef = A9314A721D75121300EC253A /* AVFoundation.framework */; };
		A9314A751D75121900EC253A /* UIKit.framework in Frameworks */ = {isa = PBXBuildFile; fileRef = A9314A741D75121900EC253A /* UIKit.framework */; };
		A9314A781D75121F00EC253A /* CoreFoundation.framework in Frameworks */ = {isa = PBXBuildFile; fileRef = A9314A761D75121F00EC253A /* CoreFoundation.framework */; };
		A9314A791D75121F00EC253A /* Foundation.framework in Frameworks */ = {isa = PBXBuildFile; fileRef = A9314A771D75121F00EC253A /* Foundation.framework */; };
		A9402C971D94CDB000240FEA /* Math.swift in Sources */ = {isa = PBXBuildFile; fileRef = A9402C961D94CDB000240FEA /* Math.swift */; };
		A947D64D1D77BF0C00ED6338 /* TableViewController.swift in Sources */ = {isa = PBXBuildFile; fileRef = A947D64C1D77BF0B00ED6338 /* TableViewController.swift */; };
		A94A9D431D8790380015E441 /* FFmpeg.m in Sources */ = {isa = PBXBuildFile; fileRef = A94A9D401D8790380015E441 /* FFmpeg.m */; };
		A94A9D441D8790380015E441 /* FFmpegHelper.swift in Sources */ = {isa = PBXBuildFile; fileRef = A94A9D411D8790380015E441 /* FFmpegHelper.swift */; };
		A94A9D451D8790380015E441 /* MediaHelper.swift in Sources */ = {isa = PBXBuildFile; fileRef = A94A9D421D8790380015E441 /* MediaHelper.swift */; };
		A94A9D581D8799F10015E441 /* sample.mp4 in Resources */ = {isa = PBXBuildFile; fileRef = A94A9D571D8799F10015E441 /* sample.mp4 */; };
		A94A9D5F1D879A6D0015E441 /* libavcodec.a in Frameworks */ = {isa = PBXBuildFile; fileRef = A94A9D591D879A6D0015E441 /* libavcodec.a */; };
		A94A9D601D879A6D0015E441 /* libavfilter.a in Frameworks */ = {isa = PBXBuildFile; fileRef = A94A9D5A1D879A6D0015E441 /* libavfilter.a */; };
		A94A9D611D879A6D0015E441 /* libavformat.a in Frameworks */ = {isa = PBXBuildFile; fileRef = A94A9D5B1D879A6D0015E441 /* libavformat.a */; };
		A94A9D621D879A6D0015E441 /* libavutil.a in Frameworks */ = {isa = PBXBuildFile; fileRef = A94A9D5C1D879A6D0015E441 /* libavutil.a */; };
		A94A9D631D879A6D0015E441 /* libswresample.a in Frameworks */ = {isa = PBXBuildFile; fileRef = A94A9D5D1D879A6D0015E441 /* libswresample.a */; };
		A94A9D641D879A6D0015E441 /* libswscale.a in Frameworks */ = {isa = PBXBuildFile; fileRef = A94A9D5E1D879A6D0015E441 /* libswscale.a */; };
		A94A9D671D879A7A0015E441 /* libcrypto.a in Frameworks */ = {isa = PBXBuildFile; fileRef = A94A9D651D879A7A0015E441 /* libcrypto.a */; };
		A94A9D681D879A7A0015E441 /* libssl.a in Frameworks */ = {isa = PBXBuildFile; fileRef = A94A9D661D879A7A0015E441 /* libssl.a */; };
		A94A9D6A1D879A850015E441 /* libSDL2.a in Frameworks */ = {isa = PBXBuildFile; fileRef = A94A9D691D879A850015E441 /* libSDL2.a */; };
		A94A9D6C1D879B360015E441 /* ffmpeg.map in CopyFiles */ = {isa = PBXBuildFile; fileRef = A94A9D551D8799EA0015E441 /* ffmpeg.map */; };
		A94A9D6F1D879B810015E441 /* sdl.map in CopyFiles */ = {isa = PBXBuildFile; fileRef = A94A9D561D8799EA0015E441 /* sdl.map */; };
		A94A9D711D879C980015E441 /* README.md in Sources */ = {isa = PBXBuildFile; fileRef = A94A9D701D879C980015E441 /* README.md */; };
		A94A9D731D87B84D0015E441 /* DataContainer.swift in Sources */ = {isa = PBXBuildFile; fileRef = A94A9D721D87B84D0015E441 /* DataContainer.swift */; };
		A950CE101D8F85FF00A858C0 /* MetalViewController.swift in Sources */ = {isa = PBXBuildFile; fileRef = A950CE0F1D8F85FF00A858C0 /* MetalViewController.swift */; };
		A9534E991D77AF6C00411FC9 /* Accelerate.framework in Frameworks */ = {isa = PBXBuildFile; fileRef = A9534E981D77AF6C00411FC9 /* Accelerate.framework */; };
		D81915281D746C0100D919E9 /* CoreMedia.framework in Frameworks */ = {isa = PBXBuildFile; fileRef = D81915271D746C0100D919E9 /* CoreMedia.framework */; };
		D82223D71D89611300E60EB0 /* AppDelegate.swift in Sources */ = {isa = PBXBuildFile; fileRef = D82223D61D89611300E60EB0 /* AppDelegate.swift */; };
		D82223D91D89611300E60EB0 /* ViewController.swift in Sources */ = {isa = PBXBuildFile; fileRef = D82223D81D89611300E60EB0 /* ViewController.swift */; };
		D82223DB1D89611300E60EB0 /* Assets.xcassets in Resources */ = {isa = PBXBuildFile; fileRef = D82223DA1D89611300E60EB0 /* Assets.xcassets */; };
		D82223DE1D89611300E60EB0 /* Main.storyboard in Resources */ = {isa = PBXBuildFile; fileRef = D82223DC1D89611300E60EB0 /* Main.storyboard */; };
		D82223E31D89611D00E60EB0 /* sample.mp4 in Resources */ = {isa = PBXBuildFile; fileRef = A94A9D571D8799F10015E441 /* sample.mp4 */; };
		D82223E41D89614000E60EB0 /* DataContainer.swift in Sources */ = {isa = PBXBuildFile; fileRef = A94A9D721D87B84D0015E441 /* DataContainer.swift */; };
		D82223E51D89614000E60EB0 /* Player.swift in Sources */ = {isa = PBXBuildFile; fileRef = D848FEAA1D7462F50058E322 /* Player.swift */; };
		D82223E61D89614000E60EB0 /* FFmpeg.m in Sources */ = {isa = PBXBuildFile; fileRef = A94A9D401D8790380015E441 /* FFmpeg.m */; };
		D82223E71D89614000E60EB0 /* FFmpegHelper.swift in Sources */ = {isa = PBXBuildFile; fileRef = A94A9D411D8790380015E441 /* FFmpegHelper.swift */; };
		D82223E81D89614000E60EB0 /* MediaHelper.swift in Sources */ = {isa = PBXBuildFile; fileRef = A94A9D421D8790380015E441 /* MediaHelper.swift */; };
		D82223F11D8961DB00E60EB0 /* FFmpeg.h in Headers */ = {isa = PBXBuildFile; fileRef = A94A9D3F1D8790380015E441 /* FFmpeg.h */; settings = {ATTRIBUTES = (Public, ); }; };
		D82223F81D89625300E60EB0 /* libavcodec.57.48.101.dylib in Frameworks */ = {isa = PBXBuildFile; fileRef = D82223F21D89625300E60EB0 /* libavcodec.57.48.101.dylib */; };
		D82223FA1D89625300E60EB0 /* libavfilter.6.47.100.dylib in Frameworks */ = {isa = PBXBuildFile; fileRef = D82223F41D89625300E60EB0 /* libavfilter.6.47.100.dylib */; };
		D82223FB1D89625300E60EB0 /* libavformat.57.41.100.dylib in Frameworks */ = {isa = PBXBuildFile; fileRef = D82223F51D89625300E60EB0 /* libavformat.57.41.100.dylib */; };
		D82223FD1D89625300E60EB0 /* libavutil.55.28.100.dylib in Frameworks */ = {isa = PBXBuildFile; fileRef = D82223F71D89625300E60EB0 /* libavutil.55.28.100.dylib */; };
		D82224001D8964BA00E60EB0 /* Metal.framework in Frameworks */ = {isa = PBXBuildFile; fileRef = D82223FE1D8964BA00E60EB0 /* Metal.framework */; };
		D82224011D8964BA00E60EB0 /* MetalKit.framework in Frameworks */ = {isa = PBXBuildFile; fileRef = D82223FF1D8964BA00E60EB0 /* MetalKit.framework */; };
		D82224031D8964D300E60EB0 /* QuartzCore.framework in Frameworks */ = {isa = PBXBuildFile; fileRef = D82224021D8964D300E60EB0 /* QuartzCore.framework */; };
		D82224041D896C4A00E60EB0 /* Shaders.metal in Sources */ = {isa = PBXBuildFile; fileRef = D82DCF1C1D895354004F0865 /* Shaders.metal */; };
		D82224061D896E2900E60EB0 /* CoreVideo.framework in Frameworks */ = {isa = PBXBuildFile; fileRef = D82224051D896E2900E60EB0 /* CoreVideo.framework */; };
		D82DCF191D89441A004F0865 /* Metal.framework in Frameworks */ = {isa = PBXBuildFile; fileRef = D82DCF161D89441A004F0865 /* Metal.framework */; };
		D82DCF1A1D89441A004F0865 /* MetalKit.framework in Frameworks */ = {isa = PBXBuildFile; fileRef = D82DCF171D89441A004F0865 /* MetalKit.framework */; };
		D82DCF1B1D89441A004F0865 /* MetalPerformanceShaders.framework in Frameworks */ = {isa = PBXBuildFile; fileRef = D82DCF181D89441A004F0865 /* MetalPerformanceShaders.framework */; };
		D82DCF1D1D895354004F0865 /* Shaders.metal in Sources */ = {isa = PBXBuildFile; fileRef = D82DCF1C1D895354004F0865 /* Shaders.metal */; };
		D82F374C1D8977FA0008FF42 /* GLKit.framework in Frameworks */ = {isa = PBXBuildFile; fileRef = D82F374B1D8977FA0008FF42 /* GLKit.framework */; };
		D82F374E1D8978770008FF42 /* Vertex.swift in Sources */ = {isa = PBXBuildFile; fileRef = D82F374D1D8978770008FF42 /* Vertex.swift */; };
		D82F37501D8978B80008FF42 /* Node.swift in Sources */ = {isa = PBXBuildFile; fileRef = D82F374F1D8978B80008FF42 /* Node.swift */; };
		D82F37541D897F320008FF42 /* Cube.swift in Sources */ = {isa = PBXBuildFile; fileRef = D82F37531D897F320008FF42 /* Cube.swift */; };
		D832355F1D7465E5008689D5 /* libz.tbd in Frameworks */ = {isa = PBXBuildFile; fileRef = D832355E1D7465E5008689D5 /* libz.tbd */; };
		D83235611D7465EC008689D5 /* libbz2.tbd in Frameworks */ = {isa = PBXBuildFile; fileRef = D83235601D7465EC008689D5 /* libbz2.tbd */; };
		D83235631D7465F3008689D5 /* libiconv.tbd in Frameworks */ = {isa = PBXBuildFile; fileRef = D83235621D7465F3008689D5 /* libiconv.tbd */; };
		D83DA6001D92B54F0079D86C /* BufferProvider.swift in Sources */ = {isa = PBXBuildFile; fileRef = D83DA5FF1D92B54F0079D86C /* BufferProvider.swift */; };
		D848FE771D745F4D0058E322 /* AppDelegate.swift in Sources */ = {isa = PBXBuildFile; fileRef = D848FE761D745F4D0058E322 /* AppDelegate.swift */; };
		D848FE791D745F4D0058E322 /* SceneViewController.swift in Sources */ = {isa = PBXBuildFile; fileRef = D848FE781D745F4D0058E322 /* SceneViewController.swift */; };
		D848FE7C1D745F4D0058E322 /* Main.storyboard in Resources */ = {isa = PBXBuildFile; fileRef = D848FE7A1D745F4D0058E322 /* Main.storyboard */; };
		D848FE7E1D745F4D0058E322 /* Assets.xcassets in Resources */ = {isa = PBXBuildFile; fileRef = D848FE7D1D745F4D0058E322 /* Assets.xcassets */; };
		D848FE811D745F4D0058E322 /* LaunchScreen.storyboard in Resources */ = {isa = PBXBuildFile; fileRef = D848FE7F1D745F4D0058E322 /* LaunchScreen.storyboard */; };
		D848FEAB1D7462F50058E322 /* Player.swift in Sources */ = {isa = PBXBuildFile; fileRef = D848FEAA1D7462F50058E322 /* Player.swift */; };
		D848FEAE1D7463950058E322 /* CoreAudio.framework in Frameworks */ = {isa = PBXBuildFile; fileRef = D848FEAC1D7463950058E322 /* CoreAudio.framework */; };
		D848FEAF1D7463950058E322 /* CoreAudioKit.framework in Frameworks */ = {isa = PBXBuildFile; fileRef = D848FEAD1D7463950058E322 /* CoreAudioKit.framework */; };
		D848FEB31D74639E0058E322 /* AudioToolbox.framework in Frameworks */ = {isa = PBXBuildFile; fileRef = D848FEB01D74639E0058E322 /* AudioToolbox.framework */; };
		D848FEB41D74639E0058E322 /* MediaToolbox.framework in Frameworks */ = {isa = PBXBuildFile; fileRef = D848FEB11D74639E0058E322 /* MediaToolbox.framework */; };
		D848FEB51D74639E0058E322 /* VideoToolbox.framework in Frameworks */ = {isa = PBXBuildFile; fileRef = D848FEB21D74639E0058E322 /* VideoToolbox.framework */; };
		D85ABD111D7463DF00B8954C /* CoreMotion.framework in Frameworks */ = {isa = PBXBuildFile; fileRef = D85ABD101D7463DF00B8954C /* CoreMotion.framework */; };
		D85ABD131D74640600B8954C /* GameController.framework in Frameworks */ = {isa = PBXBuildFile; fileRef = D85ABD121D74640600B8954C /* GameController.framework */; };
		D8C5B09E1D9409EB009E541B /* cube.png in Resources */ = {isa = PBXBuildFile; fileRef = D8C5B09D1D9409EB009E541B /* cube.png */; };
		D8C5B0A01D940ED2009E541B /* Light.swift in Sources */ = {isa = PBXBuildFile; fileRef = D8C5B09F1D940ED2009E541B /* Light.swift */; };
/* End PBXBuildFile section */

/* Begin PBXCopyFilesBuildPhase section */
		A94A9D6B1D879B290015E441 /* CopyFiles */ = {
			isa = PBXCopyFilesBuildPhase;
			buildActionMask = 2147483647;
			dstPath = "$(SRCROOT)/../libs/ffmpeg/include";
			dstSubfolderSpec = 0;
			files = (
				A94A9D6C1D879B360015E441 /* ffmpeg.map in CopyFiles */,
			);
			runOnlyForDeploymentPostprocessing = 0;
		};
		A94A9D6E1D879B650015E441 /* CopyFiles */ = {
			isa = PBXCopyFilesBuildPhase;
			buildActionMask = 2147483647;
			dstPath = "$(SRCROOT)/../libs/SDL-iOS/include";
			dstSubfolderSpec = 0;
			files = (
				A94A9D6F1D879B810015E441 /* sdl.map in CopyFiles */,
			);
			runOnlyForDeploymentPostprocessing = 0;
		};
/* End PBXCopyFilesBuildPhase section */

/* Begin PBXFileReference section */
		A90E53331D94ED7B00DA3EFC /* float4x4.swift */ = {isa = PBXFileReference; fileEncoding = 4; lastKnownFileType = sourcecode.swift; name = float4x4.swift; path = SwiftPlayer4macOS/float4x4.swift; sourceTree = "<group>"; };
		A90E533F1D9507E700DA3EFC /* Movie.metal */ = {isa = PBXFileReference; fileEncoding = 4; lastKnownFileType = sourcecode.metal; path = Movie.metal; sourceTree = "<group>"; };
		A9314A721D75121300EC253A /* AVFoundation.framework */ = {isa = PBXFileReference; lastKnownFileType = wrapper.framework; name = AVFoundation.framework; path = System/Library/Frameworks/AVFoundation.framework; sourceTree = SDKROOT; };
		A9314A741D75121900EC253A /* UIKit.framework */ = {isa = PBXFileReference; lastKnownFileType = wrapper.framework; name = UIKit.framework; path = System/Library/Frameworks/UIKit.framework; sourceTree = SDKROOT; };
		A9314A761D75121F00EC253A /* CoreFoundation.framework */ = {isa = PBXFileReference; lastKnownFileType = wrapper.framework; name = CoreFoundation.framework; path = System/Library/Frameworks/CoreFoundation.framework; sourceTree = SDKROOT; };
		A9314A771D75121F00EC253A /* Foundation.framework */ = {isa = PBXFileReference; lastKnownFileType = wrapper.framework; name = Foundation.framework; path = System/Library/Frameworks/Foundation.framework; sourceTree = SDKROOT; };
		A9402C961D94CDB000240FEA /* Math.swift */ = {isa = PBXFileReference; fileEncoding = 4; lastKnownFileType = sourcecode.swift; name = Math.swift; path = SwiftPlayer4macOS/Math.swift; sourceTree = "<group>"; };
		A947D64C1D77BF0B00ED6338 /* TableViewController.swift */ = {isa = PBXFileReference; fileEncoding = 4; lastKnownFileType = sourcecode.swift; path = TableViewController.swift; sourceTree = "<group>"; };
		A94A9D3F1D8790380015E441 /* FFmpeg.h */ = {isa = PBXFileReference; fileEncoding = 4; lastKnownFileType = sourcecode.c.h; path = FFmpeg.h; sourceTree = "<group>"; };
		A94A9D401D8790380015E441 /* FFmpeg.m */ = {isa = PBXFileReference; fileEncoding = 4; lastKnownFileType = sourcecode.c.objc; path = FFmpeg.m; sourceTree = "<group>"; };
		A94A9D411D8790380015E441 /* FFmpegHelper.swift */ = {isa = PBXFileReference; fileEncoding = 4; lastKnownFileType = sourcecode.swift; path = FFmpegHelper.swift; sourceTree = "<group>"; };
		A94A9D421D8790380015E441 /* MediaHelper.swift */ = {isa = PBXFileReference; fileEncoding = 4; lastKnownFileType = sourcecode.swift; path = MediaHelper.swift; sourceTree = "<group>"; };
		A94A9D551D8799EA0015E441 /* ffmpeg.map */ = {isa = PBXFileReference; fileEncoding = 4; lastKnownFileType = "sourcecode.module-map"; path = ffmpeg.map; sourceTree = "<group>"; };
		A94A9D561D8799EA0015E441 /* sdl.map */ = {isa = PBXFileReference; fileEncoding = 4; lastKnownFileType = "sourcecode.module-map"; path = sdl.map; sourceTree = "<group>"; };
		A94A9D571D8799F10015E441 /* sample.mp4 */ = {isa = PBXFileReference; lastKnownFileType = file; path = sample.mp4; sourceTree = "<group>"; };
		A94A9D591D879A6D0015E441 /* libavcodec.a */ = {isa = PBXFileReference; lastKnownFileType = archive.ar; name = libavcodec.a; path = libs/ffmpeg/lib/libavcodec.a; sourceTree = "<group>"; };
		A94A9D5A1D879A6D0015E441 /* libavfilter.a */ = {isa = PBXFileReference; lastKnownFileType = archive.ar; name = libavfilter.a; path = libs/ffmpeg/lib/libavfilter.a; sourceTree = "<group>"; };
		A94A9D5B1D879A6D0015E441 /* libavformat.a */ = {isa = PBXFileReference; lastKnownFileType = archive.ar; name = libavformat.a; path = libs/ffmpeg/lib/libavformat.a; sourceTree = "<group>"; };
		A94A9D5C1D879A6D0015E441 /* libavutil.a */ = {isa = PBXFileReference; lastKnownFileType = archive.ar; name = libavutil.a; path = libs/ffmpeg/lib/libavutil.a; sourceTree = "<group>"; };
		A94A9D5D1D879A6D0015E441 /* libswresample.a */ = {isa = PBXFileReference; lastKnownFileType = archive.ar; name = libswresample.a; path = libs/ffmpeg/lib/libswresample.a; sourceTree = "<group>"; };
		A94A9D5E1D879A6D0015E441 /* libswscale.a */ = {isa = PBXFileReference; lastKnownFileType = archive.ar; name = libswscale.a; path = libs/ffmpeg/lib/libswscale.a; sourceTree = "<group>"; };
		A94A9D651D879A7A0015E441 /* libcrypto.a */ = {isa = PBXFileReference; lastKnownFileType = archive.ar; name = libcrypto.a; path = libs/openssl/lib/libcrypto.a; sourceTree = "<group>"; };
		A94A9D661D879A7A0015E441 /* libssl.a */ = {isa = PBXFileReference; lastKnownFileType = archive.ar; name = libssl.a; path = libs/openssl/lib/libssl.a; sourceTree = "<group>"; };
		A94A9D691D879A850015E441 /* libSDL2.a */ = {isa = PBXFileReference; lastKnownFileType = archive.ar; name = libSDL2.a; path = "libs/SDL-iOS/lib/libSDL2.a"; sourceTree = "<group>"; };
		A94A9D701D879C980015E441 /* README.md */ = {isa = PBXFileReference; fileEncoding = 4; lastKnownFileType = net.daringfireball.markdown; path = README.md; sourceTree = "<group>"; };
		A94A9D721D87B84D0015E441 /* DataContainer.swift */ = {isa = PBXFileReference; fileEncoding = 4; lastKnownFileType = sourcecode.swift; path = DataContainer.swift; sourceTree = "<group>"; };
		A950CE0F1D8F85FF00A858C0 /* MetalViewController.swift */ = {isa = PBXFileReference; fileEncoding = 4; lastKnownFileType = sourcecode.swift; path = MetalViewController.swift; sourceTree = "<group>"; };
		A9534E981D77AF6C00411FC9 /* Accelerate.framework */ = {isa = PBXFileReference; lastKnownFileType = wrapper.framework; name = Accelerate.framework; path = System/Library/Frameworks/Accelerate.framework; sourceTree = SDKROOT; };
		D81915271D746C0100D919E9 /* CoreMedia.framework */ = {isa = PBXFileReference; lastKnownFileType = wrapper.framework; name = CoreMedia.framework; path = System/Library/Frameworks/CoreMedia.framework; sourceTree = SDKROOT; };
		D82223D41D89611300E60EB0 /* SwiftPlayer4macOS.app */ = {isa = PBXFileReference; explicitFileType = wrapper.application; includeInIndex = 0; path = SwiftPlayer4macOS.app; sourceTree = BUILT_PRODUCTS_DIR; };
		D82223D61D89611300E60EB0 /* AppDelegate.swift */ = {isa = PBXFileReference; lastKnownFileType = sourcecode.swift; path = AppDelegate.swift; sourceTree = "<group>"; };
		D82223D81D89611300E60EB0 /* ViewController.swift */ = {isa = PBXFileReference; lastKnownFileType = sourcecode.swift; path = ViewController.swift; sourceTree = "<group>"; };
		D82223DA1D89611300E60EB0 /* Assets.xcassets */ = {isa = PBXFileReference; lastKnownFileType = folder.assetcatalog; path = Assets.xcassets; sourceTree = "<group>"; };
		D82223DD1D89611300E60EB0 /* Base */ = {isa = PBXFileReference; lastKnownFileType = file.storyboard; name = Base; path = Base.lproj/Main.storyboard; sourceTree = "<group>"; };
		D82223DF1D89611300E60EB0 /* Info.plist */ = {isa = PBXFileReference; lastKnownFileType = text.plist.xml; path = Info.plist; sourceTree = "<group>"; };
		D82223EF1D89618E00E60EB0 /* SwiftPlayer4macOS-Bridging-Header.h */ = {isa = PBXFileReference; lastKnownFileType = sourcecode.c.h; path = "SwiftPlayer4macOS-Bridging-Header.h"; sourceTree = "<group>"; };
		D82223F21D89625300E60EB0 /* libavcodec.57.48.101.dylib */ = {isa = PBXFileReference; lastKnownFileType = "compiled.mach-o.dylib"; name = libavcodec.57.48.101.dylib; path = ../../../../../usr/local/Cellar/ffmpeg/3.1.3/lib/libavcodec.57.48.101.dylib; sourceTree = "<group>"; };
		D82223F31D89625300E60EB0 /* libavdevice.57.0.101.dylib */ = {isa = PBXFileReference; lastKnownFileType = "compiled.mach-o.dylib"; name = libavdevice.57.0.101.dylib; path = ../../../../../usr/local/Cellar/ffmpeg/3.1.3/lib/libavdevice.57.0.101.dylib; sourceTree = "<group>"; };
		D82223F41D89625300E60EB0 /* libavfilter.6.47.100.dylib */ = {isa = PBXFileReference; lastKnownFileType = "compiled.mach-o.dylib"; name = libavfilter.6.47.100.dylib; path = ../../../../../usr/local/Cellar/ffmpeg/3.1.3/lib/libavfilter.6.47.100.dylib; sourceTree = "<group>"; };
		D82223F51D89625300E60EB0 /* libavformat.57.41.100.dylib */ = {isa = PBXFileReference; lastKnownFileType = "compiled.mach-o.dylib"; name = libavformat.57.41.100.dylib; path = ../../../../../usr/local/Cellar/ffmpeg/3.1.3/lib/libavformat.57.41.100.dylib; sourceTree = "<group>"; };
		D82223F61D89625300E60EB0 /* libavresample.3.0.0.dylib */ = {isa = PBXFileReference; lastKnownFileType = "compiled.mach-o.dylib"; name = libavresample.3.0.0.dylib; path = ../../../../../usr/local/Cellar/ffmpeg/3.1.3/lib/libavresample.3.0.0.dylib; sourceTree = "<group>"; };
		D82223F71D89625300E60EB0 /* libavutil.55.28.100.dylib */ = {isa = PBXFileReference; lastKnownFileType = "compiled.mach-o.dylib"; name = libavutil.55.28.100.dylib; path = ../../../../../usr/local/Cellar/ffmpeg/3.1.3/lib/libavutil.55.28.100.dylib; sourceTree = "<group>"; };
		D82223FE1D8964BA00E60EB0 /* Metal.framework */ = {isa = PBXFileReference; lastKnownFileType = wrapper.framework; name = Metal.framework; path = Platforms/MacOSX.platform/Developer/SDKs/MacOSX10.12.sdk/System/Library/Frameworks/Metal.framework; sourceTree = DEVELOPER_DIR; };
		D82223FF1D8964BA00E60EB0 /* MetalKit.framework */ = {isa = PBXFileReference; lastKnownFileType = wrapper.framework; name = MetalKit.framework; path = Platforms/MacOSX.platform/Developer/SDKs/MacOSX10.12.sdk/System/Library/Frameworks/MetalKit.framework; sourceTree = DEVELOPER_DIR; };
		D82224021D8964D300E60EB0 /* QuartzCore.framework */ = {isa = PBXFileReference; lastKnownFileType = wrapper.framework; name = QuartzCore.framework; path = Platforms/MacOSX.platform/Developer/SDKs/MacOSX10.12.sdk/System/Library/Frameworks/QuartzCore.framework; sourceTree = DEVELOPER_DIR; };
		D82224051D896E2900E60EB0 /* CoreVideo.framework */ = {isa = PBXFileReference; lastKnownFileType = wrapper.framework; name = CoreVideo.framework; path = Platforms/MacOSX.platform/Developer/SDKs/MacOSX10.12.sdk/System/Library/Frameworks/CoreVideo.framework; sourceTree = DEVELOPER_DIR; };
		D82DCF161D89441A004F0865 /* Metal.framework */ = {isa = PBXFileReference; lastKnownFileType = wrapper.framework; name = Metal.framework; path = System/Library/Frameworks/Metal.framework; sourceTree = SDKROOT; };
		D82DCF171D89441A004F0865 /* MetalKit.framework */ = {isa = PBXFileReference; lastKnownFileType = wrapper.framework; name = MetalKit.framework; path = System/Library/Frameworks/MetalKit.framework; sourceTree = SDKROOT; };
		D82DCF181D89441A004F0865 /* MetalPerformanceShaders.framework */ = {isa = PBXFileReference; lastKnownFileType = wrapper.framework; name = MetalPerformanceShaders.framework; path = System/Library/Frameworks/MetalPerformanceShaders.framework; sourceTree = SDKROOT; };
		D82DCF1C1D895354004F0865 /* Shaders.metal */ = {isa = PBXFileReference; fileEncoding = 4; lastKnownFileType = sourcecode.metal; name = Shaders.metal; path = SwiftPlayer/Shaders.metal; sourceTree = "<group>"; };
		D82F374B1D8977FA0008FF42 /* GLKit.framework */ = {isa = PBXFileReference; lastKnownFileType = wrapper.framework; name = GLKit.framework; path = Platforms/MacOSX.platform/Developer/SDKs/MacOSX10.12.sdk/System/Library/Frameworks/GLKit.framework; sourceTree = DEVELOPER_DIR; };
		D82F374D1D8978770008FF42 /* Vertex.swift */ = {isa = PBXFileReference; fileEncoding = 4; lastKnownFileType = sourcecode.swift; name = Vertex.swift; path = SwiftPlayer4macOS/Vertex.swift; sourceTree = "<group>"; };
		D82F374F1D8978B80008FF42 /* Node.swift */ = {isa = PBXFileReference; fileEncoding = 4; lastKnownFileType = sourcecode.swift; name = Node.swift; path = SwiftPlayer4macOS/Node.swift; sourceTree = "<group>"; };
		D82F37531D897F320008FF42 /* Cube.swift */ = {isa = PBXFileReference; fileEncoding = 4; lastKnownFileType = sourcecode.swift; name = Cube.swift; path = SwiftPlayer4macOS/Cube.swift; sourceTree = "<group>"; };
		D832355E1D7465E5008689D5 /* libz.tbd */ = {isa = PBXFileReference; lastKnownFileType = "sourcecode.text-based-dylib-definition"; name = libz.tbd; path = usr/lib/libz.tbd; sourceTree = SDKROOT; };
		D83235601D7465EC008689D5 /* libbz2.tbd */ = {isa = PBXFileReference; lastKnownFileType = "sourcecode.text-based-dylib-definition"; name = libbz2.tbd; path = usr/lib/libbz2.tbd; sourceTree = SDKROOT; };
		D83235621D7465F3008689D5 /* libiconv.tbd */ = {isa = PBXFileReference; lastKnownFileType = "sourcecode.text-based-dylib-definition"; name = libiconv.tbd; path = usr/lib/libiconv.tbd; sourceTree = SDKROOT; };
		D83DA5FF1D92B54F0079D86C /* BufferProvider.swift */ = {isa = PBXFileReference; fileEncoding = 4; lastKnownFileType = sourcecode.swift; name = BufferProvider.swift; path = SwiftPlayer4macOS/BufferProvider.swift; sourceTree = "<group>"; };
		D848FE731D745F4D0058E322 /* SwiftPlayer.app */ = {isa = PBXFileReference; explicitFileType = wrapper.application; includeInIndex = 0; path = SwiftPlayer.app; sourceTree = BUILT_PRODUCTS_DIR; };
		D848FE761D745F4D0058E322 /* AppDelegate.swift */ = {isa = PBXFileReference; lastKnownFileType = sourcecode.swift; path = AppDelegate.swift; sourceTree = "<group>"; };
		D848FE781D745F4D0058E322 /* SceneViewController.swift */ = {isa = PBXFileReference; lastKnownFileType = sourcecode.swift; path = SceneViewController.swift; sourceTree = "<group>"; };
		D848FE7B1D745F4D0058E322 /* Base */ = {isa = PBXFileReference; lastKnownFileType = file.storyboard; name = Base; path = Base.lproj/Main.storyboard; sourceTree = "<group>"; };
		D848FE7D1D745F4D0058E322 /* Assets.xcassets */ = {isa = PBXFileReference; lastKnownFileType = folder.assetcatalog; path = Assets.xcassets; sourceTree = "<group>"; };
		D848FE801D745F4D0058E322 /* Base */ = {isa = PBXFileReference; lastKnownFileType = file.storyboard; name = Base; path = Base.lproj/LaunchScreen.storyboard; sourceTree = "<group>"; };
		D848FE821D745F4D0058E322 /* Info.plist */ = {isa = PBXFileReference; lastKnownFileType = text.plist.xml; path = Info.plist; sourceTree = "<group>"; };
		D848FE8F1D745F980058E322 /* libavcodec.a */ = {isa = PBXFileReference; lastKnownFileType = archive.ar; name = libavcodec.a; path = "../FFmpeg-iOS-build-script/FFmpeg-iOS/lib/libavcodec.a"; sourceTree = "<group>"; };
		D848FE901D745F980058E322 /* libavdevice.a */ = {isa = PBXFileReference; lastKnownFileType = archive.ar; name = libavdevice.a; path = "../FFmpeg-iOS-build-script/FFmpeg-iOS/lib/libavdevice.a"; sourceTree = "<group>"; };
		D848FE911D745F980058E322 /* libavfilter.a */ = {isa = PBXFileReference; lastKnownFileType = archive.ar; name = libavfilter.a; path = "../FFmpeg-iOS-build-script/FFmpeg-iOS/lib/libavfilter.a"; sourceTree = "<group>"; };
		D848FE921D745F980058E322 /* libavformat.a */ = {isa = PBXFileReference; lastKnownFileType = archive.ar; name = libavformat.a; path = "../FFmpeg-iOS-build-script/FFmpeg-iOS/lib/libavformat.a"; sourceTree = "<group>"; };
		D848FE931D745F980058E322 /* libavutil.a */ = {isa = PBXFileReference; lastKnownFileType = archive.ar; name = libavutil.a; path = "../FFmpeg-iOS-build-script/FFmpeg-iOS/lib/libavutil.a"; sourceTree = "<group>"; };
		D848FE941D745F980058E322 /* libswresample.a */ = {isa = PBXFileReference; lastKnownFileType = archive.ar; name = libswresample.a; path = "../FFmpeg-iOS-build-script/FFmpeg-iOS/lib/libswresample.a"; sourceTree = "<group>"; };
		D848FE951D745F980058E322 /* libswscale.a */ = {isa = PBXFileReference; lastKnownFileType = archive.ar; name = libswscale.a; path = "../FFmpeg-iOS-build-script/FFmpeg-iOS/lib/libswscale.a"; sourceTree = "<group>"; };
		D848FE9D1D745FA90058E322 /* libSDL2.a */ = {isa = PBXFileReference; lastKnownFileType = archive.ar; name = libSDL2.a; path = "../SDL-iOS/lib/libSDL2.a"; sourceTree = "<group>"; };
		D848FEA61D7461710058E322 /* SwiftPlayer-Bridging-Header.h */ = {isa = PBXFileReference; lastKnownFileType = sourcecode.c.h; path = "SwiftPlayer-Bridging-Header.h"; sourceTree = "<group>"; };
		D848FEAA1D7462F50058E322 /* Player.swift */ = {isa = PBXFileReference; fileEncoding = 4; lastKnownFileType = sourcecode.swift; path = Player.swift; sourceTree = "<group>"; };
		D848FEAC1D7463950058E322 /* CoreAudio.framework */ = {isa = PBXFileReference; lastKnownFileType = wrapper.framework; name = CoreAudio.framework; path = System/Library/Frameworks/CoreAudio.framework; sourceTree = SDKROOT; };
		D848FEAD1D7463950058E322 /* CoreAudioKit.framework */ = {isa = PBXFileReference; lastKnownFileType = wrapper.framework; name = CoreAudioKit.framework; path = System/Library/Frameworks/CoreAudioKit.framework; sourceTree = SDKROOT; };
		D848FEB01D74639E0058E322 /* AudioToolbox.framework */ = {isa = PBXFileReference; lastKnownFileType = wrapper.framework; name = AudioToolbox.framework; path = System/Library/Frameworks/AudioToolbox.framework; sourceTree = SDKROOT; };
		D848FEB11D74639E0058E322 /* MediaToolbox.framework */ = {isa = PBXFileReference; lastKnownFileType = wrapper.framework; name = MediaToolbox.framework; path = System/Library/Frameworks/MediaToolbox.framework; sourceTree = SDKROOT; };
		D848FEB21D74639E0058E322 /* VideoToolbox.framework */ = {isa = PBXFileReference; lastKnownFileType = wrapper.framework; name = VideoToolbox.framework; path = System/Library/Frameworks/VideoToolbox.framework; sourceTree = SDKROOT; };
		D84F81821D7868D5008C1804 /* libavcodec.a */ = {isa = PBXFileReference; lastKnownFileType = archive.ar; name = libavcodec.a; path = ../ffmpeg/lib/libavcodec.a; sourceTree = "<group>"; };
		D84F81831D7868D5008C1804 /* libavdevice.a */ = {isa = PBXFileReference; lastKnownFileType = archive.ar; name = libavdevice.a; path = ../ffmpeg/lib/libavdevice.a; sourceTree = "<group>"; };
		D84F81841D7868D5008C1804 /* libavfilter.a */ = {isa = PBXFileReference; lastKnownFileType = archive.ar; name = libavfilter.a; path = ../ffmpeg/lib/libavfilter.a; sourceTree = "<group>"; };
		D84F81851D7868D5008C1804 /* libavformat.a */ = {isa = PBXFileReference; lastKnownFileType = archive.ar; name = libavformat.a; path = ../ffmpeg/lib/libavformat.a; sourceTree = "<group>"; };
		D84F81861D7868D5008C1804 /* libavutil.a */ = {isa = PBXFileReference; lastKnownFileType = archive.ar; name = libavutil.a; path = ../ffmpeg/lib/libavutil.a; sourceTree = "<group>"; };
		D84F81871D7868D5008C1804 /* libswresample.a */ = {isa = PBXFileReference; lastKnownFileType = archive.ar; name = libswresample.a; path = ../ffmpeg/lib/libswresample.a; sourceTree = "<group>"; };
		D84F81881D7868D5008C1804 /* libswscale.a */ = {isa = PBXFileReference; lastKnownFileType = archive.ar; name = libswscale.a; path = ../ffmpeg/lib/libswscale.a; sourceTree = "<group>"; };
		D85ABD101D7463DF00B8954C /* CoreMotion.framework */ = {isa = PBXFileReference; lastKnownFileType = wrapper.framework; name = CoreMotion.framework; path = System/Library/Frameworks/CoreMotion.framework; sourceTree = SDKROOT; };
		D85ABD121D74640600B8954C /* GameController.framework */ = {isa = PBXFileReference; lastKnownFileType = wrapper.framework; name = GameController.framework; path = System/Library/Frameworks/GameController.framework; sourceTree = SDKROOT; };
		D8C5B09D1D9409EB009E541B /* cube.png */ = {isa = PBXFileReference; lastKnownFileType = image.png; name = cube.png; path = SwiftPlayer4macOS/cube.png; sourceTree = "<group>"; };
		D8C5B09F1D940ED2009E541B /* Light.swift */ = {isa = PBXFileReference; fileEncoding = 4; lastKnownFileType = sourcecode.swift; name = Light.swift; path = SwiftPlayer4macOS/Light.swift; sourceTree = "<group>"; };
/* End PBXFileReference section */

/* Begin PBXFrameworksBuildPhase section */
		D82223D11D89611300E60EB0 /* Frameworks */ = {
			isa = PBXFrameworksBuildPhase;
			buildActionMask = 2147483647;
			files = (
				D82F374C1D8977FA0008FF42 /* GLKit.framework in Frameworks */,
				D82224061D896E2900E60EB0 /* CoreVideo.framework in Frameworks */,
				D82224031D8964D300E60EB0 /* QuartzCore.framework in Frameworks */,
				D82224001D8964BA00E60EB0 /* Metal.framework in Frameworks */,
				D82224011D8964BA00E60EB0 /* MetalKit.framework in Frameworks */,
				D82223F81D89625300E60EB0 /* libavcodec.57.48.101.dylib in Frameworks */,
				D82223FA1D89625300E60EB0 /* libavfilter.6.47.100.dylib in Frameworks */,
				D82223FB1D89625300E60EB0 /* libavformat.57.41.100.dylib in Frameworks */,
				D82223FD1D89625300E60EB0 /* libavutil.55.28.100.dylib in Frameworks */,
			);
			runOnlyForDeploymentPostprocessing = 0;
		};
		D848FE701D745F4D0058E322 /* Frameworks */ = {
			isa = PBXFrameworksBuildPhase;
			buildActionMask = 2147483647;
			files = (
				D82DCF191D89441A004F0865 /* Metal.framework in Frameworks */,
				D82DCF1A1D89441A004F0865 /* MetalKit.framework in Frameworks */,
				D82DCF1B1D89441A004F0865 /* MetalPerformanceShaders.framework in Frameworks */,
				A94A9D6A1D879A850015E441 /* libSDL2.a in Frameworks */,
				A94A9D671D879A7A0015E441 /* libcrypto.a in Frameworks */,
				A94A9D681D879A7A0015E441 /* libssl.a in Frameworks */,
				A94A9D5F1D879A6D0015E441 /* libavcodec.a in Frameworks */,
				A94A9D601D879A6D0015E441 /* libavfilter.a in Frameworks */,
				A94A9D611D879A6D0015E441 /* libavformat.a in Frameworks */,
				A94A9D621D879A6D0015E441 /* libavutil.a in Frameworks */,
				A94A9D631D879A6D0015E441 /* libswresample.a in Frameworks */,
				A94A9D641D879A6D0015E441 /* libswscale.a in Frameworks */,
				A9534E991D77AF6C00411FC9 /* Accelerate.framework in Frameworks */,
				A9314A781D75121F00EC253A /* CoreFoundation.framework in Frameworks */,
				A9314A791D75121F00EC253A /* Foundation.framework in Frameworks */,
				A9314A751D75121900EC253A /* UIKit.framework in Frameworks */,
				A9314A731D75121300EC253A /* AVFoundation.framework in Frameworks */,
				D81915281D746C0100D919E9 /* CoreMedia.framework in Frameworks */,
				D83235631D7465F3008689D5 /* libiconv.tbd in Frameworks */,
				D83235611D7465EC008689D5 /* libbz2.tbd in Frameworks */,
				D832355F1D7465E5008689D5 /* libz.tbd in Frameworks */,
				D85ABD131D74640600B8954C /* GameController.framework in Frameworks */,
				D85ABD111D7463DF00B8954C /* CoreMotion.framework in Frameworks */,
				D848FEB31D74639E0058E322 /* AudioToolbox.framework in Frameworks */,
				D848FEB41D74639E0058E322 /* MediaToolbox.framework in Frameworks */,
				D848FEB51D74639E0058E322 /* VideoToolbox.framework in Frameworks */,
				D848FEAE1D7463950058E322 /* CoreAudio.framework in Frameworks */,
				D848FEAF1D7463950058E322 /* CoreAudioKit.framework in Frameworks */,
			);
			runOnlyForDeploymentPostprocessing = 0;
		};
/* End PBXFrameworksBuildPhase section */

/* Begin PBXGroup section */
		A90E53351D94FC3F00DA3EFC /* Metal */ = {
			isa = PBXGroup;
			children = (
				A9402C961D94CDB000240FEA /* Math.swift */,
				D82F374D1D8978770008FF42 /* Vertex.swift */,
				D82F374F1D8978B80008FF42 /* Node.swift */,
				D82F37531D897F320008FF42 /* Cube.swift */,
				D8C5B09F1D940ED2009E541B /* Light.swift */,
				A90E53331D94ED7B00DA3EFC /* float4x4.swift */,
				D83DA5FF1D92B54F0079D86C /* BufferProvider.swift */,
			);
			name = Metal;
			sourceTree = "<group>";
		};
		A90E533E1D9507D700DA3EFC /* Metal */ = {
			isa = PBXGroup;
			children = (
				A90E533F1D9507E700DA3EFC /* Movie.metal */,
			);
			name = Metal;
			sourceTree = "<group>";
		};
		A94A9D541D8799D80015E441 /* Resources */ = {
			isa = PBXGroup;
			children = (
				D8C5B09D1D9409EB009E541B /* cube.png */,
				D82DCF1C1D895354004F0865 /* Shaders.metal */,
				A94A9D701D879C980015E441 /* README.md */,
				A94A9D571D8799F10015E441 /* sample.mp4 */,
				A94A9D551D8799EA0015E441 /* ffmpeg.map */,
				A94A9D561D8799EA0015E441 /* sdl.map */,
			);
			name = Resources;
			sourceTree = "<group>";
		};
		A94A9D741D87BD630015E441 /* Media */ = {
			isa = PBXGroup;
			children = (
				A94A9D721D87B84D0015E441 /* DataContainer.swift */,
				D848FEAA1D7462F50058E322 /* Player.swift */,
				A94A9D3F1D8790380015E441 /* FFmpeg.h */,
				A94A9D401D8790380015E441 /* FFmpeg.m */,
				A94A9D411D8790380015E441 /* FFmpegHelper.swift */,
				A94A9D421D8790380015E441 /* MediaHelper.swift */,
			);
			name = Media;
			sourceTree = "<group>";
		};
		D82223D51D89611300E60EB0 /* SwiftPlayer4macOS */ = {
			isa = PBXGroup;
			children = (
				D82223D61D89611300E60EB0 /* AppDelegate.swift */,
				D82223D81D89611300E60EB0 /* ViewController.swift */,
				A950CE0F1D8F85FF00A858C0 /* MetalViewController.swift */,
				D82223DA1D89611300E60EB0 /* Assets.xcassets */,
				D82223DC1D89611300E60EB0 /* Main.storyboard */,
				D82223DF1D89611300E60EB0 /* Info.plist */,
				D82223EF1D89618E00E60EB0 /* SwiftPlayer4macOS-Bridging-Header.h */,
			);
			path = SwiftPlayer4macOS;
			sourceTree = "<group>";
		};
		D848FE6A1D745F4D0058E322 = {
			isa = PBXGroup;
			children = (
				A90E53351D94FC3F00DA3EFC /* Metal */,
				D848FE751D745F4D0058E322 /* SwiftPlayer */,
				D82223D51D89611300E60EB0 /* SwiftPlayer4macOS */,
				A94A9D541D8799D80015E441 /* Resources */,
				D848FE741D745F4D0058E322 /* Products */,
				D848FE8E1D745F980058E322 /* Frameworks */,
			);
			sourceTree = "<group>";
		};
		D848FE741D745F4D0058E322 /* Products */ = {
			isa = PBXGroup;
			children = (
				D848FE731D745F4D0058E322 /* SwiftPlayer.app */,
				D82223D41D89611300E60EB0 /* SwiftPlayer4macOS.app */,
			);
			name = Products;
			sourceTree = "<group>";
		};
		D848FE751D745F4D0058E322 /* SwiftPlayer */ = {
			isa = PBXGroup;
			children = (
				A90E533E1D9507D700DA3EFC /* Metal */,
				A94A9D741D87BD630015E441 /* Media */,
				D848FE761D745F4D0058E322 /* AppDelegate.swift */,
				A947D64C1D77BF0B00ED6338 /* TableViewController.swift */,
				D848FE781D745F4D0058E322 /* SceneViewController.swift */,
				D848FE7A1D745F4D0058E322 /* Main.storyboard */,
				D848FE7D1D745F4D0058E322 /* Assets.xcassets */,
				D848FE7F1D745F4D0058E322 /* LaunchScreen.storyboard */,
				D848FE821D745F4D0058E322 /* Info.plist */,
				D848FEA61D7461710058E322 /* SwiftPlayer-Bridging-Header.h */,
			);
			path = SwiftPlayer;
			sourceTree = "<group>";
		};
		D848FE8E1D745F980058E322 /* Frameworks */ = {
			isa = PBXGroup;
			children = (
				D82F374B1D8977FA0008FF42 /* GLKit.framework */,
				D82224051D896E2900E60EB0 /* CoreVideo.framework */,
				D82224021D8964D300E60EB0 /* QuartzCore.framework */,
				D82223FE1D8964BA00E60EB0 /* Metal.framework */,
				D82223FF1D8964BA00E60EB0 /* MetalKit.framework */,
				D82223F21D89625300E60EB0 /* libavcodec.57.48.101.dylib */,
				D82223F31D89625300E60EB0 /* libavdevice.57.0.101.dylib */,
				D82223F41D89625300E60EB0 /* libavfilter.6.47.100.dylib */,
				D82223F51D89625300E60EB0 /* libavformat.57.41.100.dylib */,
				D82223F61D89625300E60EB0 /* libavresample.3.0.0.dylib */,
				D82223F71D89625300E60EB0 /* libavutil.55.28.100.dylib */,
				D82DCF161D89441A004F0865 /* Metal.framework */,
				D82DCF171D89441A004F0865 /* MetalKit.framework */,
				D82DCF181D89441A004F0865 /* MetalPerformanceShaders.framework */,
				A94A9D691D879A850015E441 /* libSDL2.a */,
				A94A9D651D879A7A0015E441 /* libcrypto.a */,
				A94A9D661D879A7A0015E441 /* libssl.a */,
				A94A9D591D879A6D0015E441 /* libavcodec.a */,
				A94A9D5A1D879A6D0015E441 /* libavfilter.a */,
				A94A9D5B1D879A6D0015E441 /* libavformat.a */,
				A94A9D5C1D879A6D0015E441 /* libavutil.a */,
				A94A9D5D1D879A6D0015E441 /* libswresample.a */,
				A94A9D5E1D879A6D0015E441 /* libswscale.a */,
				D84F81821D7868D5008C1804 /* libavcodec.a */,
				D84F81831D7868D5008C1804 /* libavdevice.a */,
				D84F81841D7868D5008C1804 /* libavfilter.a */,
				D84F81851D7868D5008C1804 /* libavformat.a */,
				D84F81861D7868D5008C1804 /* libavutil.a */,
				D84F81871D7868D5008C1804 /* libswresample.a */,
				D84F81881D7868D5008C1804 /* libswscale.a */,
				A9534E981D77AF6C00411FC9 /* Accelerate.framework */,
				A9314A761D75121F00EC253A /* CoreFoundation.framework */,
				A9314A771D75121F00EC253A /* Foundation.framework */,
				A9314A741D75121900EC253A /* UIKit.framework */,
				A9314A721D75121300EC253A /* AVFoundation.framework */,
				D81915271D746C0100D919E9 /* CoreMedia.framework */,
				D83235621D7465F3008689D5 /* libiconv.tbd */,
				D83235601D7465EC008689D5 /* libbz2.tbd */,
				D832355E1D7465E5008689D5 /* libz.tbd */,
				D85ABD121D74640600B8954C /* GameController.framework */,
				D85ABD101D7463DF00B8954C /* CoreMotion.framework */,
				D848FEB01D74639E0058E322 /* AudioToolbox.framework */,
				D848FEB11D74639E0058E322 /* MediaToolbox.framework */,
				D848FEB21D74639E0058E322 /* VideoToolbox.framework */,
				D848FEAC1D7463950058E322 /* CoreAudio.framework */,
				D848FEAD1D7463950058E322 /* CoreAudioKit.framework */,
				D848FE9D1D745FA90058E322 /* libSDL2.a */,
				D848FE8F1D745F980058E322 /* libavcodec.a */,
				D848FE901D745F980058E322 /* libavdevice.a */,
				D848FE911D745F980058E322 /* libavfilter.a */,
				D848FE921D745F980058E322 /* libavformat.a */,
				D848FE931D745F980058E322 /* libavutil.a */,
				D848FE941D745F980058E322 /* libswresample.a */,
				D848FE951D745F980058E322 /* libswscale.a */,
			);
			name = Frameworks;
			sourceTree = "<group>";
		};
/* End PBXGroup section */

/* Begin PBXHeadersBuildPhase section */
		D82223F01D8961D300E60EB0 /* Headers */ = {
			isa = PBXHeadersBuildPhase;
			buildActionMask = 2147483647;
			files = (
				D82223F11D8961DB00E60EB0 /* FFmpeg.h in Headers */,
			);
			runOnlyForDeploymentPostprocessing = 0;
		};
/* End PBXHeadersBuildPhase section */

/* Begin PBXNativeTarget section */
		D82223D31D89611300E60EB0 /* SwiftPlayer4macOS */ = {
			isa = PBXNativeTarget;
			buildConfigurationList = D82223E21D89611300E60EB0 /* Build configuration list for PBXNativeTarget "SwiftPlayer4macOS" */;
			buildPhases = (
				D82223F01D8961D300E60EB0 /* Headers */,
				D82223D01D89611300E60EB0 /* Sources */,
				D82223D11D89611300E60EB0 /* Frameworks */,
				D82223D21D89611300E60EB0 /* Resources */,
			);
			buildRules = (
			);
			dependencies = (
			);
			name = SwiftPlayer4macOS;
			productName = SwiftPlayer4macOS;
			productReference = D82223D41D89611300E60EB0 /* SwiftPlayer4macOS.app */;
			productType = "com.apple.product-type.application";
		};
		D848FE721D745F4D0058E322 /* SwiftPlayer */ = {
			isa = PBXNativeTarget;
			buildConfigurationList = D848FE851D745F4D0058E322 /* Build configuration list for PBXNativeTarget "SwiftPlayer" */;
			buildPhases = (
				A94A9D6B1D879B290015E441 /* CopyFiles */,
				A94A9D6E1D879B650015E441 /* CopyFiles */,
				D848FE6F1D745F4D0058E322 /* Sources */,
				D848FE701D745F4D0058E322 /* Frameworks */,
				D848FE711D745F4D0058E322 /* Resources */,
			);
			buildRules = (
			);
			dependencies = (
			);
			name = SwiftPlayer;
			productName = SwiftPlayer;
			productReference = D848FE731D745F4D0058E322 /* SwiftPlayer.app */;
			productType = "com.apple.product-type.application";
		};
/* End PBXNativeTarget section */

/* Begin PBXProject section */
		D848FE6B1D745F4D0058E322 /* Project object */ = {
			isa = PBXProject;
			attributes = {
				LastSwiftUpdateCheck = 0800;
				LastUpgradeCheck = 0800;
				ORGANIZATIONNAME = "Kwanghoon Choi";
				TargetAttributes = {
					D82223D31D89611300E60EB0 = {
						CreatedOnToolsVersion = 8.0;
						DevelopmentTeam = HY47J4787Q;
						LastSwiftMigration = 0800;
						ProvisioningStyle = Automatic;
					};
					D848FE721D745F4D0058E322 = {
						CreatedOnToolsVersion = 8.0;
						DevelopmentTeam = HY47J4787Q;
						LastSwiftMigration = 0800;
						ProvisioningStyle = Automatic;
						SystemCapabilities = {
							com.apple.BackgroundModes = {
								enabled = 1;
							};
						};
					};
				};
			};
			buildConfigurationList = D848FE6E1D745F4D0058E322 /* Build configuration list for PBXProject "SwiftPlayer" */;
			compatibilityVersion = "Xcode 3.2";
			developmentRegion = English;
			hasScannedForEncodings = 0;
			knownRegions = (
				en,
				Base,
			);
			mainGroup = D848FE6A1D745F4D0058E322;
			productRefGroup = D848FE741D745F4D0058E322 /* Products */;
			projectDirPath = "";
			projectRoot = "";
			targets = (
				D848FE721D745F4D0058E322 /* SwiftPlayer */,
				D82223D31D89611300E60EB0 /* SwiftPlayer4macOS */,
			);
		};
/* End PBXProject section */

/* Begin PBXResourcesBuildPhase section */
		D82223D21D89611300E60EB0 /* Resources */ = {
			isa = PBXResourcesBuildPhase;
			buildActionMask = 2147483647;
			files = (
				D82223DB1D89611300E60EB0 /* Assets.xcassets in Resources */,
				D82223E31D89611D00E60EB0 /* sample.mp4 in Resources */,
				D8C5B09E1D9409EB009E541B /* cube.png in Resources */,
				D82223DE1D89611300E60EB0 /* Main.storyboard in Resources */,
			);
			runOnlyForDeploymentPostprocessing = 0;
		};
		D848FE711D745F4D0058E322 /* Resources */ = {
			isa = PBXResourcesBuildPhase;
			buildActionMask = 2147483647;
			files = (
				D848FE811D745F4D0058E322 /* LaunchScreen.storyboard in Resources */,
				D848FE7E1D745F4D0058E322 /* Assets.xcassets in Resources */,
				D848FE7C1D745F4D0058E322 /* Main.storyboard in Resources */,
				A94A9D581D8799F10015E441 /* sample.mp4 in Resources */,
			);
			runOnlyForDeploymentPostprocessing = 0;
		};
/* End PBXResourcesBuildPhase section */

/* Begin PBXSourcesBuildPhase section */
		D82223D01D89611300E60EB0 /* Sources */ = {
			isa = PBXSourcesBuildPhase;
			buildActionMask = 2147483647;
			files = (
				D82224041D896C4A00E60EB0 /* Shaders.metal in Sources */,
				D82223E51D89614000E60EB0 /* Player.swift in Sources */,
				A90E53341D94ED7B00DA3EFC /* float4x4.swift in Sources */,
				D82223E61D89614000E60EB0 /* FFmpeg.m in Sources */,
				D82F374E1D8978770008FF42 /* Vertex.swift in Sources */,
				D83DA6001D92B54F0079D86C /* BufferProvider.swift in Sources */,
				D82223E71D89614000E60EB0 /* FFmpegHelper.swift in Sources */,
				D82223E81D89614000E60EB0 /* MediaHelper.swift in Sources */,
				D82F37541D897F320008FF42 /* Cube.swift in Sources */,
				D82223D91D89611300E60EB0 /* ViewController.swift in Sources */,
				A9402C971D94CDB000240FEA /* Math.swift in Sources */,
				D82F37501D8978B80008FF42 /* Node.swift in Sources */,
				D82223D71D89611300E60EB0 /* AppDelegate.swift in Sources */,
				A950CE101D8F85FF00A858C0 /* MetalViewController.swift in Sources */,
				D8C5B0A01D940ED2009E541B /* Light.swift in Sources */,
				D82223E41D89614000E60EB0 /* DataContainer.swift in Sources */,
			);
			runOnlyForDeploymentPostprocessing = 0;
		};
		D848FE6F1D745F4D0058E322 /* Sources */ = {
			isa = PBXSourcesBuildPhase;
			buildActionMask = 2147483647;
			files = (
				A94A9D431D8790380015E441 /* FFmpeg.m in Sources */,
				A94A9D441D8790380015E441 /* FFmpegHelper.swift in Sources */,
				A90E533D1D94FC5400DA3EFC /* BufferProvider.swift in Sources */,
				A90E53361D94FC5400DA3EFC /* Math.swift in Sources */,
				A94A9D731D87B84D0015E441 /* DataContainer.swift in Sources */,
				D848FEAB1D7462F50058E322 /* Player.swift in Sources */,
				A90E53381D94FC5400DA3EFC /* Node.swift in Sources */,
				A90E533A1D94FC5400DA3EFC /* Light.swift in Sources */,
				A90E53371D94FC5400DA3EFC /* Vertex.swift in Sources */,
				D82DCF1D1D895354004F0865 /* Shaders.metal in Sources */,
				D848FE791D745F4D0058E322 /* SceneViewController.swift in Sources */,
				A94A9D451D8790380015E441 /* MediaHelper.swift in Sources */,
				A947D64D1D77BF0C00ED6338 /* TableViewController.swift in Sources */,
				A94A9D711D879C980015E441 /* README.md in Sources */,
				A90E53401D9507E700DA3EFC /* Movie.metal in Sources */,
				A90E53391D94FC5400DA3EFC /* Cube.swift in Sources */,
				D848FE771D745F4D0058E322 /* AppDelegate.swift in Sources */,
				A90E533B1D94FC5400DA3EFC /* float4x4.swift in Sources */,
			);
			runOnlyForDeploymentPostprocessing = 0;
		};
/* End PBXSourcesBuildPhase section */

/* Begin PBXVariantGroup section */
		D82223DC1D89611300E60EB0 /* Main.storyboard */ = {
			isa = PBXVariantGroup;
			children = (
				D82223DD1D89611300E60EB0 /* Base */,
			);
			name = Main.storyboard;
			sourceTree = "<group>";
		};
		D848FE7A1D745F4D0058E322 /* Main.storyboard */ = {
			isa = PBXVariantGroup;
			children = (
				D848FE7B1D745F4D0058E322 /* Base */,
			);
			name = Main.storyboard;
			sourceTree = "<group>";
		};
		D848FE7F1D745F4D0058E322 /* LaunchScreen.storyboard */ = {
			isa = PBXVariantGroup;
			children = (
				D848FE801D745F4D0058E322 /* Base */,
			);
			name = LaunchScreen.storyboard;
			sourceTree = "<group>";
		};
/* End PBXVariantGroup section */

/* Begin XCBuildConfiguration section */
		D82223E01D89611300E60EB0 /* Debug */ = {
			isa = XCBuildConfiguration;
			buildSettings = {
				ASSETCATALOG_COMPILER_APPICON_NAME = AppIcon;
				CODE_SIGN_IDENTITY = "-";
				COMBINE_HIDPI_IMAGES = YES;
				DEVELOPMENT_TEAM = HY47J4787Q;
				HEADER_SEARCH_PATHS = (
					"$(inherited)",
					/usr/local/Cellar/ffmpeg/3.1.3/include,
				);
				INFOPLIST_FILE = SwiftPlayer4macOS/Info.plist;
				LD_RUNPATH_SEARCH_PATHS = "$(inherited) @executable_path/../Frameworks";
				LIBRARY_SEARCH_PATHS = (
					"$(inherited)",
					/usr/local/Cellar/ffmpeg/3.1.3/lib,
				);
				MACOSX_DEPLOYMENT_TARGET = 10.12;
				PRODUCT_BUNDLE_IDENTIFIER = com.ngenii.SwiftPlayer4macOS;
				PRODUCT_NAME = "$(TARGET_NAME)";
				SDKROOT = macosx;
				SWIFT_OBJC_BRIDGING_HEADER = "$(PRODUCT_NAME)/SwiftPlayer4macOS-Bridging-Header.h";
				SWIFT_VERSION = 3.0;
			};
			name = Debug;
		};
		D82223E11D89611300E60EB0 /* Release */ = {
			isa = XCBuildConfiguration;
			buildSettings = {
				ASSETCATALOG_COMPILER_APPICON_NAME = AppIcon;
				CODE_SIGN_IDENTITY = "-";
				COMBINE_HIDPI_IMAGES = YES;
				DEVELOPMENT_TEAM = HY47J4787Q;
				HEADER_SEARCH_PATHS = (
					"$(inherited)",
					/usr/local/Cellar/ffmpeg/3.1.3/include,
				);
				INFOPLIST_FILE = SwiftPlayer4macOS/Info.plist;
				LD_RUNPATH_SEARCH_PATHS = "$(inherited) @executable_path/../Frameworks";
				LIBRARY_SEARCH_PATHS = (
					"$(inherited)",
					/usr/local/Cellar/ffmpeg/3.1.3/lib,
				);
				MACOSX_DEPLOYMENT_TARGET = 10.12;
				PRODUCT_BUNDLE_IDENTIFIER = com.ngenii.SwiftPlayer4macOS;
				PRODUCT_NAME = "$(TARGET_NAME)";
				SDKROOT = macosx;
				SWIFT_OBJC_BRIDGING_HEADER = "$(PRODUCT_NAME)/SwiftPlayer4macOS-Bridging-Header.h";
				SWIFT_VERSION = 3.0;
			};
			name = Release;
		};
		D848FE831D745F4D0058E322 /* Debug */ = {
			isa = XCBuildConfiguration;
			buildSettings = {
				ALWAYS_SEARCH_USER_PATHS = NO;
				CLANG_ANALYZER_NONNULL = YES;
				CLANG_CXX_LANGUAGE_STANDARD = "gnu++0x";
				CLANG_CXX_LIBRARY = "libc++";
				CLANG_ENABLE_MODULES = YES;
				CLANG_ENABLE_OBJC_ARC = YES;
				CLANG_WARN_BOOL_CONVERSION = YES;
				CLANG_WARN_CONSTANT_CONVERSION = YES;
				CLANG_WARN_DIRECT_OBJC_ISA_USAGE = YES_ERROR;
				CLANG_WARN_DOCUMENTATION_COMMENTS = YES;
				CLANG_WARN_EMPTY_BODY = YES;
				CLANG_WARN_ENUM_CONVERSION = YES;
				CLANG_WARN_INFINITE_RECURSION = YES;
				CLANG_WARN_INT_CONVERSION = YES;
				CLANG_WARN_OBJC_ROOT_CLASS = YES_ERROR;
				CLANG_WARN_SUSPICIOUS_MOVES = YES;
				CLANG_WARN_UNREACHABLE_CODE = YES;
				CLANG_WARN__DUPLICATE_METHOD_MATCH = YES;
				"CODE_SIGN_IDENTITY[sdk=iphoneos*]" = "iPhone Developer";
				COPY_PHASE_STRIP = NO;
				DEBUG_INFORMATION_FORMAT = dwarf;
				ENABLE_STRICT_OBJC_MSGSEND = YES;
				ENABLE_TESTABILITY = YES;
				GCC_C_LANGUAGE_STANDARD = gnu99;
				GCC_DYNAMIC_NO_PIC = NO;
				GCC_NO_COMMON_BLOCKS = YES;
				GCC_OPTIMIZATION_LEVEL = 0;
				GCC_PREPROCESSOR_DEFINITIONS = (
					"DEBUG=1",
					"$(inherited)",
				);
				GCC_WARN_64_TO_32_BIT_CONVERSION = YES;
				GCC_WARN_ABOUT_RETURN_TYPE = YES_ERROR;
				GCC_WARN_UNDECLARED_SELECTOR = YES;
				GCC_WARN_UNINITIALIZED_AUTOS = YES_AGGRESSIVE;
				GCC_WARN_UNUSED_FUNCTION = YES;
				GCC_WARN_UNUSED_VARIABLE = YES;
				IPHONEOS_DEPLOYMENT_TARGET = 10.0;
				MTL_ENABLE_DEBUG_INFO = YES;
				ONLY_ACTIVE_ARCH = YES;
				SDKROOT = iphoneos;
				SWIFT_ACTIVE_COMPILATION_CONDITIONS = DEBUG;
				SWIFT_OPTIMIZATION_LEVEL = "-Onone";
				TARGETED_DEVICE_FAMILY = "1,2";
			};
			name = Debug;
		};
		D848FE841D745F4D0058E322 /* Release */ = {
			isa = XCBuildConfiguration;
			buildSettings = {
				ALWAYS_SEARCH_USER_PATHS = NO;
				CLANG_ANALYZER_NONNULL = YES;
				CLANG_CXX_LANGUAGE_STANDARD = "gnu++0x";
				CLANG_CXX_LIBRARY = "libc++";
				CLANG_ENABLE_MODULES = YES;
				CLANG_ENABLE_OBJC_ARC = YES;
				CLANG_WARN_BOOL_CONVERSION = YES;
				CLANG_WARN_CONSTANT_CONVERSION = YES;
				CLANG_WARN_DIRECT_OBJC_ISA_USAGE = YES_ERROR;
				CLANG_WARN_DOCUMENTATION_COMMENTS = YES;
				CLANG_WARN_EMPTY_BODY = YES;
				CLANG_WARN_ENUM_CONVERSION = YES;
				CLANG_WARN_INFINITE_RECURSION = YES;
				CLANG_WARN_INT_CONVERSION = YES;
				CLANG_WARN_OBJC_ROOT_CLASS = YES_ERROR;
				CLANG_WARN_SUSPICIOUS_MOVES = YES;
				CLANG_WARN_UNREACHABLE_CODE = YES;
				CLANG_WARN__DUPLICATE_METHOD_MATCH = YES;
				"CODE_SIGN_IDENTITY[sdk=iphoneos*]" = "iPhone Developer";
				COPY_PHASE_STRIP = NO;
				DEBUG_INFORMATION_FORMAT = "dwarf-with-dsym";
				ENABLE_NS_ASSERTIONS = NO;
				ENABLE_STRICT_OBJC_MSGSEND = YES;
				GCC_C_LANGUAGE_STANDARD = gnu99;
				GCC_NO_COMMON_BLOCKS = YES;
				GCC_WARN_64_TO_32_BIT_CONVERSION = YES;
				GCC_WARN_ABOUT_RETURN_TYPE = YES_ERROR;
				GCC_WARN_UNDECLARED_SELECTOR = YES;
				GCC_WARN_UNINITIALIZED_AUTOS = YES_AGGRESSIVE;
				GCC_WARN_UNUSED_FUNCTION = YES;
				GCC_WARN_UNUSED_VARIABLE = YES;
				IPHONEOS_DEPLOYMENT_TARGET = 10.0;
				MTL_ENABLE_DEBUG_INFO = NO;
				SDKROOT = iphoneos;
				SWIFT_OPTIMIZATION_LEVEL = "-Owholemodule";
				TARGETED_DEVICE_FAMILY = "1,2";
				VALIDATE_PRODUCT = YES;
			};
			name = Release;
		};
		D848FE861D745F4D0058E322 /* Debug */ = {
			isa = XCBuildConfiguration;
			buildSettings = {
				ASSETCATALOG_COMPILER_APPICON_NAME = AppIcon;
				CLANG_ENABLE_MODULES = YES;
				DEVELOPMENT_TEAM = HY47J4787Q;
				HEADER_SEARCH_PATHS = (
					"$(PROJECT_DIR)/libs/ffmpeg/include",
					"$(PROJECT_DIR)/libs/SDL-iOS/include",
					"$(PROJECT_DIR)/libs/openssl/include",
				);
				INFOPLIST_FILE = SwiftPlayer/Info.plist;
				IPHONEOS_DEPLOYMENT_TARGET = 9.0;
				LD_RUNPATH_SEARCH_PATHS = "$(inherited) @executable_path/Frameworks";
				LIBRARY_SEARCH_PATHS = (
					"$(PROJECT_DIR)/libs/ffmpeg/lib",
					"$(PROJECT_DIR)/libs/openssl/lib",
					"$(PROJECT_DIR)/libs/SDL-iOS/lib",
				);
				PRODUCT_BUNDLE_IDENTIFIER = com.ngenii.SwiftPlayer;
				PRODUCT_NAME = "$(TARGET_NAME)";
				SWIFT_OBJC_BRIDGING_HEADER = "SwiftPlayer/SwiftPlayer-Bridging-Header.h";
				SWIFT_OPTIMIZATION_LEVEL = "-Onone";
				SWIFT_VERSION = 3.0;
			};
			name = Debug;
		};
		D848FE871D745F4D0058E322 /* Release */ = {
			isa = XCBuildConfiguration;
			buildSettings = {
				ASSETCATALOG_COMPILER_APPICON_NAME = AppIcon;
				CLANG_ENABLE_MODULES = YES;
				DEVELOPMENT_TEAM = HY47J4787Q;
				HEADER_SEARCH_PATHS = (
					"$(PROJECT_DIR)/libs/ffmpeg/include",
					"$(PROJECT_DIR)/libs/SDL-iOS/include",
					"$(PROJECT_DIR)/libs/openssl/include",
				);
				INFOPLIST_FILE = SwiftPlayer/Info.plist;
				IPHONEOS_DEPLOYMENT_TARGET = 9.0;
				LD_RUNPATH_SEARCH_PATHS = "$(inherited) @executable_path/Frameworks";
				LIBRARY_SEARCH_PATHS = (
					"$(PROJECT_DIR)/libs/ffmpeg/lib",
					"$(PROJECT_DIR)/libs/openssl/lib",
					"$(PROJECT_DIR)/libs/SDL-iOS/lib",
				);
				PRODUCT_BUNDLE_IDENTIFIER = com.ngenii.SwiftPlayer;
				PRODUCT_NAME = "$(TARGET_NAME)";
				SWIFT_OBJC_BRIDGING_HEADER = "SwiftPlayer/SwiftPlayer-Bridging-Header.h";
				SWIFT_VERSION = 3.0;
			};
			name = Release;
		};
/* End XCBuildConfiguration section */

/* Begin XCConfigurationList section */
		D82223E21D89611300E60EB0 /* Build configuration list for PBXNativeTarget "SwiftPlayer4macOS" */ = {
			isa = XCConfigurationList;
			buildConfigurations = (
				D82223E01D89611300E60EB0 /* Debug */,
				D82223E11D89611300E60EB0 /* Release */,
			);
			defaultConfigurationIsVisible = 0;
			defaultConfigurationName = Release;
		};
		D848FE6E1D745F4D0058E322 /* Build configuration list for PBXProject "SwiftPlayer" */ = {
			isa = XCConfigurationList;
			buildConfigurations = (
				D848FE831D745F4D0058E322 /* Debug */,
				D848FE841D745F4D0058E322 /* Release */,
			);
			defaultConfigurationIsVisible = 0;
			defaultConfigurationName = Release;
		};
		D848FE851D745F4D0058E322 /* Build configuration list for PBXNativeTarget "SwiftPlayer" */ = {
			isa = XCConfigurationList;
			buildConfigurations = (
				D848FE861D745F4D0058E322 /* Debug */,
				D848FE871D745F4D0058E322 /* Release */,
			);
			defaultConfigurationIsVisible = 0;
			defaultConfigurationName = Release;
		};
/* End XCConfigurationList section */
	};
	rootObject = D848FE6B1D745F4D0058E322 /* Project object */;
}
